
Microsoft Visual Studio Solution File, Format Version 12.00
# Visual Studio Version 17
VisualStudioVersion = 17.14.36511.14
MinimumVisualStudioVersion = 10.0.40219.1
Project("{FAE04EC0-301F-11D3-BF4B-00C04F79EFBC}") = "NSerf", "NSerf\NSerf.csproj", "{7D711303-54C0-4745-8F64-5E93C586BE3E}"
EndProject
Project("{FAE04EC0-301F-11D3-BF4B-00C04F79EFBC}") = "NSerfTests", "NSerfTests\NSerfTests.csproj", "{4B4553A1-AA5E-4DEA-BAB6-668334DBAA27}"
EndProject
Project("{FAE04EC0-301F-11D3-BF4B-00C04F79EFBC}") = "NSerf.CLI", "NSerf.CLI\NSerf.CLI.csproj", "{73C25192-E4C2-47B0-A10B-8141BF6E4400}"
EndProject
Project("{FAE04EC0-301F-11D3-BF4B-00C04F79EFBC}") = "NSerf.CLI.Tests", "NSerf.CLI.Tests\NSerf.CLI.Tests.csproj", "{DDEB1BE0-4BAE-4EBF-ADD5-8EB78E35ADB0}"
EndProject
Project("{FAE04EC0-301F-11D3-BF4B-00C04F79EFBC}") = "NSerf.ChatExample", "NSerf.ChatExample\NSerf.ChatExample.csproj", "{55076E7C-C589-4C44-95DB-D40EA83B800A}"
EndProject
Project("{FAE04EC0-301F-11D3-BF4B-00C04F79EFBC}") = "NSerf.YarpExample", "NSerf.YarpExample\NSerf.YarpExample.csproj", "{9AD1D925-AB52-4CE9-BDE2-0B93264D41FA}"
EndProject
Project("{FAE04EC0-301F-11D3-BF4B-00C04F79EFBC}") = "NSerf.BackendService", "NSerf.BackendService\NSerf.BackendService.csproj", "{D8836058-A7D6-4967-AE12-7FB72545F144}"
EndProject
Global
	GlobalSection(SolutionConfigurationPlatforms) = preSolution
		Debug|Any CPU = Debug|Any CPU
		Debug|x64 = Debug|x64
		Debug|x86 = Debug|x86
		Release|Any CPU = Release|Any CPU
		Release|x64 = Release|x64
		Release|x86 = Release|x86
	EndGlobalSection
	GlobalSection(ProjectConfigurationPlatforms) = postSolution
		{7D711303-54C0-4745-8F64-5E93C586BE3E}.Debug|Any CPU.ActiveCfg = Debug|Any CPU
		{7D711303-54C0-4745-8F64-5E93C586BE3E}.Debug|Any CPU.Build.0 = Debug|Any CPU
		{7D711303-54C0-4745-8F64-5E93C586BE3E}.Debug|x64.ActiveCfg = Debug|Any CPU
		{7D711303-54C0-4745-8F64-5E93C586BE3E}.Debug|x64.Build.0 = Debug|Any CPU
		{7D711303-54C0-4745-8F64-5E93C586BE3E}.Debug|x86.ActiveCfg = Debug|Any CPU
		{7D711303-54C0-4745-8F64-5E93C586BE3E}.Debug|x86.Build.0 = Debug|Any CPU
		{7D711303-54C0-4745-8F64-5E93C586BE3E}.Release|Any CPU.ActiveCfg = Release|Any CPU
		{7D711303-54C0-4745-8F64-5E93C586BE3E}.Release|Any CPU.Build.0 = Release|Any CPU
		{7D711303-54C0-4745-8F64-5E93C586BE3E}.Release|x64.ActiveCfg = Release|Any CPU
		{7D711303-54C0-4745-8F64-5E93C586BE3E}.Release|x64.Build.0 = Release|Any CPU
		{7D711303-54C0-4745-8F64-5E93C586BE3E}.Release|x86.ActiveCfg = Release|Any CPU
		{7D711303-54C0-4745-8F64-5E93C586BE3E}.Release|x86.Build.0 = Release|Any CPU
		{4B4553A1-AA5E-4DEA-BAB6-668334DBAA27}.Debug|Any CPU.ActiveCfg = Debug|Any CPU
		{4B4553A1-AA5E-4DEA-BAB6-668334DBAA27}.Debug|Any CPU.Build.0 = Debug|Any CPU
		{4B4553A1-AA5E-4DEA-BAB6-668334DBAA27}.Debug|x64.ActiveCfg = Debug|Any CPU
		{4B4553A1-AA5E-4DEA-BAB6-668334DBAA27}.Debug|x64.Build.0 = Debug|Any CPU
		{4B4553A1-AA5E-4DEA-BAB6-668334DBAA27}.Debug|x86.ActiveCfg = Debug|Any CPU
		{4B4553A1-AA5E-4DEA-BAB6-668334DBAA27}.Debug|x86.Build.0 = Debug|Any CPU
		{4B4553A1-AA5E-4DEA-BAB6-668334DBAA27}.Release|Any CPU.ActiveCfg = Release|Any CPU
		{4B4553A1-AA5E-4DEA-BAB6-668334DBAA27}.Release|Any CPU.Build.0 = Release|Any CPU
		{4B4553A1-AA5E-4DEA-BAB6-668334DBAA27}.Release|x64.ActiveCfg = Release|Any CPU
		{4B4553A1-AA5E-4DEA-BAB6-668334DBAA27}.Release|x64.Build.0 = Release|Any CPU
		{4B4553A1-AA5E-4DEA-BAB6-668334DBAA27}.Release|x86.ActiveCfg = Release|Any CPU
		{4B4553A1-AA5E-4DEA-BAB6-668334DBAA27}.Release|x86.Build.0 = Release|Any CPU
		{73C25192-E4C2-47B0-A10B-8141BF6E4400}.Debug|Any CPU.ActiveCfg = Debug|Any CPU
		{73C25192-E4C2-47B0-A10B-8141BF6E4400}.Debug|Any CPU.Build.0 = Debug|Any CPU
		{73C25192-E4C2-47B0-A10B-8141BF6E4400}.Debug|x64.ActiveCfg = Debug|Any CPU
		{73C25192-E4C2-47B0-A10B-8141BF6E4400}.Debug|x64.Build.0 = Debug|Any CPU
		{73C25192-E4C2-47B0-A10B-8141BF6E4400}.Debug|x86.ActiveCfg = Debug|Any CPU
		{73C25192-E4C2-47B0-A10B-8141BF6E4400}.Debug|x86.Build.0 = Debug|Any CPU
		{73C25192-E4C2-47B0-A10B-8141BF6E4400}.Release|Any CPU.ActiveCfg = Release|Any CPU
		{73C25192-E4C2-47B0-A10B-8141BF6E4400}.Release|Any CPU.Build.0 = Release|Any CPU
		{73C25192-E4C2-47B0-A10B-8141BF6E4400}.Release|x64.ActiveCfg = Release|Any CPU
		{73C25192-E4C2-47B0-A10B-8141BF6E4400}.Release|x64.Build.0 = Release|Any CPU
		{73C25192-E4C2-47B0-A10B-8141BF6E4400}.Release|x86.ActiveCfg = Release|Any CPU
		{73C25192-E4C2-47B0-A10B-8141BF6E4400}.Release|x86.Build.0 = Release|Any CPU
		{DDEB1BE0-4BAE-4EBF-ADD5-8EB78E35ADB0}.Debug|Any CPU.ActiveCfg = Debug|Any CPU
		{DDEB1BE0-4BAE-4EBF-ADD5-8EB78E35ADB0}.Debug|Any CPU.Build.0 = Debug|Any CPU
		{DDEB1BE0-4BAE-4EBF-ADD5-8EB78E35ADB0}.Debug|x64.ActiveCfg = Debug|Any CPU
		{DDEB1BE0-4BAE-4EBF-ADD5-8EB78E35ADB0}.Debug|x64.Build.0 = Debug|Any CPU
		{DDEB1BE0-4BAE-4EBF-ADD5-8EB78E35ADB0}.Debug|x86.ActiveCfg = Debug|Any CPU
		{DDEB1BE0-4BAE-4EBF-ADD5-8EB78E35ADB0}.Debug|x86.Build.0 = Debug|Any CPU
		{DDEB1BE0-4BAE-4EBF-ADD5-8EB78E35ADB0}.Release|Any CPU.ActiveCfg = Release|Any CPU
		{DDEB1BE0-4BAE-4EBF-ADD5-8EB78E35ADB0}.Release|Any CPU.Build.0 = Release|Any CPU
		{DDEB1BE0-4BAE-4EBF-ADD5-8EB78E35ADB0}.Release|x64.ActiveCfg = Release|Any CPU
		{DDEB1BE0-4BAE-4EBF-ADD5-8EB78E35ADB0}.Release|x64.Build.0 = Release|Any CPU
		{DDEB1BE0-4BAE-4EBF-ADD5-8EB78E35ADB0}.Release|x86.ActiveCfg = Release|Any CPU
		{DDEB1BE0-4BAE-4EBF-ADD5-8EB78E35ADB0}.Release|x86.Build.0 = Release|Any CPU
		{55076E7C-C589-4C44-95DB-D40EA83B800A}.Debug|Any CPU.ActiveCfg = Debug|Any CPU
		{55076E7C-C589-4C44-95DB-D40EA83B800A}.Debug|Any CPU.Build.0 = Debug|Any CPU
		{55076E7C-C589-4C44-95DB-D40EA83B800A}.Debug|x64.ActiveCfg = Debug|Any CPU
		{55076E7C-C589-4C44-95DB-D40EA83B800A}.Debug|x64.Build.0 = Debug|Any CPU
		{55076E7C-C589-4C44-95DB-D40EA83B800A}.Debug|x86.ActiveCfg = Debug|Any CPU
		{55076E7C-C589-4C44-95DB-D40EA83B800A}.Debug|x86.Build.0 = Debug|Any CPU
		{55076E7C-C589-4C44-95DB-D40EA83B800A}.Release|Any CPU.ActiveCfg = Release|Any CPU
		{55076E7C-C589-4C44-95DB-D40EA83B800A}.Release|Any CPU.Build.0 = Release|Any CPU
		{55076E7C-C589-4C44-95DB-D40EA83B800A}.Release|x64.ActiveCfg = Release|Any CPU
		{55076E7C-C589-4C44-95DB-D40EA83B800A}.Release|x64.Build.0 = Release|Any CPU
		{55076E7C-C589-4C44-95DB-D40EA83B800A}.Release|x86.ActiveCfg = Release|Any CPU
		{55076E7C-C589-4C44-95DB-D40EA83B800A}.Release|x86.Build.0 = Release|Any CPU
		{9AD1D925-AB52-4CE9-BDE2-0B93264D41FA}.Debug|Any CPU.ActiveCfg = Debug|Any CPU
		{9AD1D925-AB52-4CE9-BDE2-0B93264D41FA}.Debug|Any CPU.Build.0 = Debug|Any CPU
		{9AD1D925-AB52-4CE9-BDE2-0B93264D41FA}.Debug|x64.ActiveCfg = Debug|Any CPU
		{9AD1D925-AB52-4CE9-BDE2-0B93264D41FA}.Debug|x64.Build.0 = Debug|Any CPU
		{9AD1D925-AB52-4CE9-BDE2-0B93264D41FA}.Debug|x86.ActiveCfg = Debug|Any CPU
		{9AD1D925-AB52-4CE9-BDE2-0B93264D41FA}.Debug|x86.Build.0 = Debug|Any CPU
		{9AD1D925-AB52-4CE9-BDE2-0B93264D41FA}.Release|Any CPU.ActiveCfg = Release|Any CPU
		{9AD1D925-AB52-4CE9-BDE2-0B93264D41FA}.Release|Any CPU.Build.0 = Release|Any CPU
		{9AD1D925-AB52-4CE9-BDE2-0B93264D41FA}.Release|x64.ActiveCfg = Release|Any CPU
		{9AD1D925-AB52-4CE9-BDE2-0B93264D41FA}.Release|x64.Build.0 = Release|Any CPU
		{9AD1D925-AB52-4CE9-BDE2-0B93264D41FA}.Release|x86.ActiveCfg = Release|Any CPU
		{9AD1D925-AB52-4CE9-BDE2-0B93264D41FA}.Release|x86.Build.0 = Release|Any CPU
		{D8836058-A7D6-4967-AE12-7FB72545F144}.Debug|Any CPU.ActiveCfg = Debug|Any CPU
		{D8836058-A7D6-4967-AE12-7FB72545F144}.Debug|Any CPU.Build.0 = Debug|Any CPU
		{D8836058-A7D6-4967-AE12-7FB72545F144}.Debug|x64.ActiveCfg = Debug|Any CPU
		{D8836058-A7D6-4967-AE12-7FB72545F144}.Debug|x64.Build.0 = Debug|Any CPU
		{D8836058-A7D6-4967-AE12-7FB72545F144}.Debug|x86.ActiveCfg = Debug|Any CPU
		{D8836058-A7D6-4967-AE12-7FB72545F144}.Debug|x86.Build.0 = Debug|Any CPU
		{D8836058-A7D6-4967-AE12-7FB72545F144}.Release|Any CPU.ActiveCfg = Release|Any CPU
		{D8836058-A7D6-4967-AE12-7FB72545F144}.Release|Any CPU.Build.0 = Release|Any CPU
		{D8836058-A7D6-4967-AE12-7FB72545F144}.Release|x64.ActiveCfg = Release|Any CPU
		{D8836058-A7D6-4967-AE12-7FB72545F144}.Release|x64.Build.0 = Release|Any CPU
		{D8836058-A7D6-4967-AE12-7FB72545F144}.Release|x86.ActiveCfg = Release|Any CPU
		{D8836058-A7D6-4967-AE12-7FB72545F144}.Release|x86.Build.0 = Release|Any CPU
	EndGlobalSection
	GlobalSection(SolutionProperties) = preSolution
		HideSolutionNode = FALSE
	EndGlobalSection
	GlobalSection(ExtensibilityGlobals) = postSolution
		SolutionGuid = {3AB20AF6-7E46-432D-90B5-891AE5521CC2}
	EndGlobalSection
EndGlobal
